{
    "version": 3,
    "terraform_version": "0.11.11",
    "serial": 15,
    "lineage": "2572daee-f3ff-3f49-23ff-cbb9f3cc888b",
    "modules": [
        {
            "path": [
                "root"
            ],
            "outputs": {
                "example_public_dns": {
                    "sensitive": false,
                    "type": "string",
                    "value": "ec2-54-234-68-211.compute-1.amazonaws.com"
                }
            },
            "resources": {
                "aws_instance.example": {
                    "type": "aws_instance",
                    "depends_on": [
                        "aws_key_pair.my-key",
                        "aws_security_group.allow_ssh_http"
                    ],
                    "primary": {
                        "id": "i-04b0d90c99cfdfaae",
                        "attributes": {
                            "ami": "ami-0323c3dd2da7fb37d",
                            "arn": "arn:aws:ec2:us-east-1:574061417335:instance/i-04b0d90c99cfdfaae",
                            "associate_public_ip_address": "true",
                            "availability_zone": "us-east-1e",
                            "cpu_core_count": "1",
                            "cpu_threads_per_core": "1",
                            "credit_specification.#": "1",
                            "credit_specification.0.cpu_credits": "standard",
                            "disable_api_termination": "false",
                            "ebs_block_device.#": "0",
                            "ebs_optimized": "false",
                            "ephemeral_block_device.#": "0",
                            "get_password_data": "false",
                            "hibernation": "false",
                            "iam_instance_profile": "",
                            "id": "i-04b0d90c99cfdfaae",
                            "instance_state": "running",
                            "instance_type": "t2.micro",
                            "ipv6_address_count": "0",
                            "ipv6_addresses.#": "0",
                            "key_name": "my-key",
                            "metadata_options.#": "1",
                            "metadata_options.0.http_endpoint": "enabled",
                            "metadata_options.0.http_put_response_hop_limit": "1",
                            "metadata_options.0.http_tokens": "optional",
                            "monitoring": "false",
                            "network_interface.#": "0",
                            "outpost_arn": "",
                            "password_data": "",
                            "placement_group": "",
                            "primary_network_interface_id": "eni-09e4c3e26e0bf6c67",
                            "private_dns": "ip-172-31-49-135.ec2.internal",
                            "private_ip": "172.31.49.135",
                            "public_dns": "ec2-54-234-68-211.compute-1.amazonaws.com",
                            "public_ip": "54.234.68.211",
                            "root_block_device.#": "1",
                            "root_block_device.0.delete_on_termination": "true",
                            "root_block_device.0.device_name": "/dev/xvda",
                            "root_block_device.0.encrypted": "false",
                            "root_block_device.0.iops": "100",
                            "root_block_device.0.kms_key_id": "",
                            "root_block_device.0.volume_id": "vol-0910914ee0f68cda3",
                            "root_block_device.0.volume_size": "8",
                            "root_block_device.0.volume_type": "gp2",
                            "security_groups.#": "1",
                            "security_groups.346913866": "allow_ssh_http",
                            "source_dest_check": "true",
                            "subnet_id": "subnet-c58ab4fb",
                            "tags.%": "0",
                            "tenancy": "default",
                            "user_data": "ac94708a96053bf6ec2a257b2fb881ad206ecfa4",
                            "volume_tags.%": "0",
                            "vpc_security_group_ids.#": "1",
                            "vpc_security_group_ids.2351927420": "sg-0a02d48fbc7e68b44"
                        },
                        "meta": {
                            "e2bfb730-ecaa-11e6-8f88-34363bc7c4c0": {
                                "create": 600000000000,
                                "delete": 1200000000000,
                                "update": 600000000000
                            },
                            "schema_version": "1"
                        },
                        "tainted": false
                    },
                    "deposed": [],
                    "provider": "provider.aws"
                },
                "aws_key_pair.my-key": {
                    "type": "aws_key_pair",
                    "depends_on": [],
                    "primary": {
                        "id": "my-key",
                        "attributes": {
                            "fingerprint": "bc:59:01:7b:68:64:e8:ab:16:7e:d2:80:38:ad:61:1f",
                            "id": "my-key",
                            "key_name": "my-key",
                            "key_pair_id": "key-01f72baca47a460f0",
                            "public_key": "ssh-rsa AAAAB3NzaC1yc2EAAAADAQABAAACAQDhW2bMX41xslarg7XMr/FjwVvSL704UM85lGhybZUVqIjYxQsUesAzo91REqElCKZOvEcCDsvbw9W53kLZY76C6vY1QtVAgNIxIaaGYpgbE+zR1rxlhIuwiQLjF0zaSYIzq0TC9t+jG/Wdua1eA19fsJd/kTn1q2p/nNJG/iyKvouB4dS+5eo4xh7/jV7NzvO235zn3BXacHNusO1QHnwbHuy8e8bG8Gqysi5NOTLrgx3p3ZtD4nIZ7X2Pgy5tBn6KCWBTlwyr/nKL5d1j7nXLeIcwXMWDneKCXC38vlnTTkfiecof5aFfbuFDeV9UBTGAaap3spYh0hxPqDtNXVexE5koWASPdCXrRMa91r5kKysnLhyWK+pQMInEmdGD3yswJWcktt3ebt+arMQE4yapHGlywimCm48kF0r2IOUYKP8Yx16g+kW7h3SYa2AP4EqkdxZrQT6ydKdXCr3QO5aM0idWfHcrjTDTcHet5u2ssEElk4BfeS7NKwNKeV9q/P3p3/7NPVXp7+mXf2MTgbdfxKSHopMun08cZZ8w2H8NhBJubz3Hb/GQh1deSsnE7I9d5gGGSmuMK2TR0BfpIzSGRCpHVvRGfOPqZld9ZrHymbhP+SXA1oH7wlYqTb0UQtBqOawZK8WcPv/w0oSxcBF3RtL37Jakv1n6XrcT7+BiXQ== clayton.nog@gmail.com",
                            "tags.%": "0"
                        },
                        "meta": {
                            "schema_version": "1"
                        },
                        "tainted": false
                    },
                    "deposed": [],
                    "provider": "provider.aws"
                },
                "aws_security_group.allow_ssh_http": {
                    "type": "aws_security_group",
                    "depends_on": [],
                    "primary": {
                        "id": "sg-0a02d48fbc7e68b44",
                        "attributes": {
                            "arn": "arn:aws:ec2:us-east-1:574061417335:security-group/sg-0a02d48fbc7e68b44",
                            "description": "Managed by Terraform",
                            "egress.#": "1",
                            "egress.482069346.cidr_blocks.#": "1",
                            "egress.482069346.cidr_blocks.0": "0.0.0.0/0",
                            "egress.482069346.description": "",
                            "egress.482069346.from_port": "0",
                            "egress.482069346.ipv6_cidr_blocks.#": "0",
                            "egress.482069346.prefix_list_ids.#": "0",
                            "egress.482069346.protocol": "-1",
                            "egress.482069346.security_groups.#": "0",
                            "egress.482069346.self": "false",
                            "egress.482069346.to_port": "0",
                            "id": "sg-0a02d48fbc7e68b44",
                            "ingress.#": "2",
                            "ingress.2214680975.cidr_blocks.#": "1",
                            "ingress.2214680975.cidr_blocks.0": "0.0.0.0/0",
                            "ingress.2214680975.description": "",
                            "ingress.2214680975.from_port": "80",
                            "ingress.2214680975.ipv6_cidr_blocks.#": "0",
                            "ingress.2214680975.prefix_list_ids.#": "0",
                            "ingress.2214680975.protocol": "tcp",
                            "ingress.2214680975.security_groups.#": "0",
                            "ingress.2214680975.self": "false",
                            "ingress.2214680975.to_port": "80",
                            "ingress.2541437006.cidr_blocks.#": "1",
                            "ingress.2541437006.cidr_blocks.0": "0.0.0.0/0",
                            "ingress.2541437006.description": "",
                            "ingress.2541437006.from_port": "22",
                            "ingress.2541437006.ipv6_cidr_blocks.#": "0",
                            "ingress.2541437006.prefix_list_ids.#": "0",
                            "ingress.2541437006.protocol": "tcp",
                            "ingress.2541437006.security_groups.#": "0",
                            "ingress.2541437006.self": "false",
                            "ingress.2541437006.to_port": "22",
                            "name": "allow_ssh_http",
                            "owner_id": "574061417335",
                            "revoke_rules_on_delete": "false",
                            "tags.%": "0",
                            "vpc_id": "vpc-ee060094"
                        },
                        "meta": {
                            "e2bfb730-ecaa-11e6-8f88-34363bc7c4c0": {
                                "create": 600000000000,
                                "delete": 600000000000
                            },
                            "schema_version": "1"
                        },
                        "tainted": false
                    },
                    "deposed": [],
                    "provider": "provider.aws"
                }
            },
            "depends_on": []
        }
    ]
}
